
Microsoft Visual Studio Solution File, Format Version 12.00
# Visual Studio 15
VisualStudioVersion = 15.0.26124.0
MinimumVisualStudioVersion = 15.0.26124.0
Project("{2150E333-8FDC-42A3-9474-1A3956D46DE8}") = "Code", "Code", "{CE99F74D-2627-4BCF-A601-FF6DA3FA1FF1}"
EndProject
Project("{FAE04EC0-301F-11D3-BF4B-00C04F79EFBC}") = "dotnet.Api", "Code\dotnet.Api\dotnet.Api.csproj", "{862A52AF-166F-4CF8-A23B-900EC95F55B3}"
EndProject
Project("{FAE04EC0-301F-11D3-BF4B-00C04F79EFBC}") = "dotnet.BusinessEntities", "Code\dotnet.BusinessEntities\dotnet.BusinessEntities.csproj", "{527A2CF5-0028-4F6B-A7A6-04CCAB170389}"
EndProject
Project("{FAE04EC0-301F-11D3-BF4B-00C04F79EFBC}") = "dotnet.BusinessServices", "Code\dotnet.BusinessServices\dotnet.BusinessServices.csproj", "{0E023C61-2244-416F-9E68-1603C9491277}"
EndProject
Project("{FAE04EC0-301F-11D3-BF4B-00C04F79EFBC}") = "dotnet.Contracts", "Code\dotnet.Contracts\dotnet.Contracts.csproj", "{12DCE90A-B30E-4C95-AB96-4BB3B70A8AAC}"
EndProject
Project("{FAE04EC0-301F-11D3-BF4B-00C04F79EFBC}") = "dotnet.Data", "Code\dotnet.Data\dotnet.Data.csproj", "{793A2CB5-A940-474D-A28A-6CB620B15DA7}"
EndProject
Project("{FAE04EC0-301F-11D3-BF4B-00C04F79EFBC}") = "dotnet.Test.Api", "Code\dotnet.Test.Api\dotnet.Test.Api.csproj", "{499ADD90-3C44-48EB-9B51-041E1D6184A6}"
EndProject
Project("{FAE04EC0-301F-11D3-BF4B-00C04F79EFBC}") = "dotnet.Test.Business", "Code\dotnet.Test.Business\dotnet.Test.Business.csproj", "{4418421B-4910-4E41-8547-A189074E5E26}"
EndProject
Project("{FAE04EC0-301F-11D3-BF4B-00C04F79EFBC}") = "dotnet.Test.Framework", "Code\dotnet.Test.Framework\dotnet.Test.Framework.csproj", "{8242CC81-E4B4-4752-A7BD-BEF0D90965B0}"
EndProject
Project("{2150E333-8FDC-42A3-9474-1A3956D46DE8}") = "Test", "Test", "{3C70E34B-133E-4B19-ABC0-7B4AA84B79D7}"
EndProject
Global
	GlobalSection(SolutionConfigurationPlatforms) = preSolution
		Debug|Any CPU = Debug|Any CPU
		Debug|x64 = Debug|x64
		Debug|x86 = Debug|x86
		Release|Any CPU = Release|Any CPU
		Release|x64 = Release|x64
		Release|x86 = Release|x86
	EndGlobalSection
	GlobalSection(SolutionProperties) = preSolution
		HideSolutionNode = FALSE
	EndGlobalSection
	GlobalSection(ProjectConfigurationPlatforms) = postSolution
		{862A52AF-166F-4CF8-A23B-900EC95F55B3}.Debug|Any CPU.ActiveCfg = Debug|Any CPU
		{862A52AF-166F-4CF8-A23B-900EC95F55B3}.Debug|Any CPU.Build.0 = Debug|Any CPU
		{862A52AF-166F-4CF8-A23B-900EC95F55B3}.Debug|x64.ActiveCfg = Debug|Any CPU
		{862A52AF-166F-4CF8-A23B-900EC95F55B3}.Debug|x64.Build.0 = Debug|Any CPU
		{862A52AF-166F-4CF8-A23B-900EC95F55B3}.Debug|x86.ActiveCfg = Debug|Any CPU
		{862A52AF-166F-4CF8-A23B-900EC95F55B3}.Debug|x86.Build.0 = Debug|Any CPU
		{862A52AF-166F-4CF8-A23B-900EC95F55B3}.Release|Any CPU.ActiveCfg = Release|Any CPU
		{862A52AF-166F-4CF8-A23B-900EC95F55B3}.Release|Any CPU.Build.0 = Release|Any CPU
		{862A52AF-166F-4CF8-A23B-900EC95F55B3}.Release|x64.ActiveCfg = Release|Any CPU
		{862A52AF-166F-4CF8-A23B-900EC95F55B3}.Release|x64.Build.0 = Release|Any CPU
		{862A52AF-166F-4CF8-A23B-900EC95F55B3}.Release|x86.ActiveCfg = Release|Any CPU
		{862A52AF-166F-4CF8-A23B-900EC95F55B3}.Release|x86.Build.0 = Release|Any CPU
		{527A2CF5-0028-4F6B-A7A6-04CCAB170389}.Debug|Any CPU.ActiveCfg = Debug|Any CPU
		{527A2CF5-0028-4F6B-A7A6-04CCAB170389}.Debug|Any CPU.Build.0 = Debug|Any CPU
		{527A2CF5-0028-4F6B-A7A6-04CCAB170389}.Debug|x64.ActiveCfg = Debug|Any CPU
		{527A2CF5-0028-4F6B-A7A6-04CCAB170389}.Debug|x64.Build.0 = Debug|Any CPU
		{527A2CF5-0028-4F6B-A7A6-04CCAB170389}.Debug|x86.ActiveCfg = Debug|Any CPU
		{527A2CF5-0028-4F6B-A7A6-04CCAB170389}.Debug|x86.Build.0 = Debug|Any CPU
		{527A2CF5-0028-4F6B-A7A6-04CCAB170389}.Release|Any CPU.ActiveCfg = Release|Any CPU
		{527A2CF5-0028-4F6B-A7A6-04CCAB170389}.Release|Any CPU.Build.0 = Release|Any CPU
		{527A2CF5-0028-4F6B-A7A6-04CCAB170389}.Release|x64.ActiveCfg = Release|Any CPU
		{527A2CF5-0028-4F6B-A7A6-04CCAB170389}.Release|x64.Build.0 = Release|Any CPU
		{527A2CF5-0028-4F6B-A7A6-04CCAB170389}.Release|x86.ActiveCfg = Release|Any CPU
		{527A2CF5-0028-4F6B-A7A6-04CCAB170389}.Release|x86.Build.0 = Release|Any CPU
		{0E023C61-2244-416F-9E68-1603C9491277}.Debug|Any CPU.ActiveCfg = Debug|Any CPU
		{0E023C61-2244-416F-9E68-1603C9491277}.Debug|Any CPU.Build.0 = Debug|Any CPU
		{0E023C61-2244-416F-9E68-1603C9491277}.Debug|x64.ActiveCfg = Debug|Any CPU
		{0E023C61-2244-416F-9E68-1603C9491277}.Debug|x64.Build.0 = Debug|Any CPU
		{0E023C61-2244-416F-9E68-1603C9491277}.Debug|x86.ActiveCfg = Debug|Any CPU
		{0E023C61-2244-416F-9E68-1603C9491277}.Debug|x86.Build.0 = Debug|Any CPU
		{0E023C61-2244-416F-9E68-1603C9491277}.Release|Any CPU.ActiveCfg = Release|Any CPU
		{0E023C61-2244-416F-9E68-1603C9491277}.Release|Any CPU.Build.0 = Release|Any CPU
		{0E023C61-2244-416F-9E68-1603C9491277}.Release|x64.ActiveCfg = Release|Any CPU
		{0E023C61-2244-416F-9E68-1603C9491277}.Release|x64.Build.0 = Release|Any CPU
		{0E023C61-2244-416F-9E68-1603C9491277}.Release|x86.ActiveCfg = Release|Any CPU
		{0E023C61-2244-416F-9E68-1603C9491277}.Release|x86.Build.0 = Release|Any CPU
		{12DCE90A-B30E-4C95-AB96-4BB3B70A8AAC}.Debug|Any CPU.ActiveCfg = Debug|Any CPU
		{12DCE90A-B30E-4C95-AB96-4BB3B70A8AAC}.Debug|Any CPU.Build.0 = Debug|Any CPU
		{12DCE90A-B30E-4C95-AB96-4BB3B70A8AAC}.Debug|x64.ActiveCfg = Debug|Any CPU
		{12DCE90A-B30E-4C95-AB96-4BB3B70A8AAC}.Debug|x64.Build.0 = Debug|Any CPU
		{12DCE90A-B30E-4C95-AB96-4BB3B70A8AAC}.Debug|x86.ActiveCfg = Debug|Any CPU
		{12DCE90A-B30E-4C95-AB96-4BB3B70A8AAC}.Debug|x86.Build.0 = Debug|Any CPU
		{12DCE90A-B30E-4C95-AB96-4BB3B70A8AAC}.Release|Any CPU.ActiveCfg = Release|Any CPU
		{12DCE90A-B30E-4C95-AB96-4BB3B70A8AAC}.Release|Any CPU.Build.0 = Release|Any CPU
		{12DCE90A-B30E-4C95-AB96-4BB3B70A8AAC}.Release|x64.ActiveCfg = Release|Any CPU
		{12DCE90A-B30E-4C95-AB96-4BB3B70A8AAC}.Release|x64.Build.0 = Release|Any CPU
		{12DCE90A-B30E-4C95-AB96-4BB3B70A8AAC}.Release|x86.ActiveCfg = Release|Any CPU
		{12DCE90A-B30E-4C95-AB96-4BB3B70A8AAC}.Release|x86.Build.0 = Release|Any CPU
		{793A2CB5-A940-474D-A28A-6CB620B15DA7}.Debug|Any CPU.ActiveCfg = Debug|Any CPU
		{793A2CB5-A940-474D-A28A-6CB620B15DA7}.Debug|Any CPU.Build.0 = Debug|Any CPU
		{793A2CB5-A940-474D-A28A-6CB620B15DA7}.Debug|x64.ActiveCfg = Debug|Any CPU
		{793A2CB5-A940-474D-A28A-6CB620B15DA7}.Debug|x64.Build.0 = Debug|Any CPU
		{793A2CB5-A940-474D-A28A-6CB620B15DA7}.Debug|x86.ActiveCfg = Debug|Any CPU
		{793A2CB5-A940-474D-A28A-6CB620B15DA7}.Debug|x86.Build.0 = Debug|Any CPU
		{793A2CB5-A940-474D-A28A-6CB620B15DA7}.Release|Any CPU.ActiveCfg = Release|Any CPU
		{793A2CB5-A940-474D-A28A-6CB620B15DA7}.Release|Any CPU.Build.0 = Release|Any CPU
		{793A2CB5-A940-474D-A28A-6CB620B15DA7}.Release|x64.ActiveCfg = Release|Any CPU
		{793A2CB5-A940-474D-A28A-6CB620B15DA7}.Release|x64.Build.0 = Release|Any CPU
		{793A2CB5-A940-474D-A28A-6CB620B15DA7}.Release|x86.ActiveCfg = Release|Any CPU
		{793A2CB5-A940-474D-A28A-6CB620B15DA7}.Release|x86.Build.0 = Release|Any CPU
		{499ADD90-3C44-48EB-9B51-041E1D6184A6}.Debug|Any CPU.ActiveCfg = Debug|Any CPU
		{499ADD90-3C44-48EB-9B51-041E1D6184A6}.Debug|Any CPU.Build.0 = Debug|Any CPU
		{499ADD90-3C44-48EB-9B51-041E1D6184A6}.Debug|x64.ActiveCfg = Debug|Any CPU
		{499ADD90-3C44-48EB-9B51-041E1D6184A6}.Debug|x64.Build.0 = Debug|Any CPU
		{499ADD90-3C44-48EB-9B51-041E1D6184A6}.Debug|x86.ActiveCfg = Debug|Any CPU
		{499ADD90-3C44-48EB-9B51-041E1D6184A6}.Debug|x86.Build.0 = Debug|Any CPU
		{499ADD90-3C44-48EB-9B51-041E1D6184A6}.Release|Any CPU.ActiveCfg = Release|Any CPU
		{499ADD90-3C44-48EB-9B51-041E1D6184A6}.Release|Any CPU.Build.0 = Release|Any CPU
		{499ADD90-3C44-48EB-9B51-041E1D6184A6}.Release|x64.ActiveCfg = Release|Any CPU
		{499ADD90-3C44-48EB-9B51-041E1D6184A6}.Release|x64.Build.0 = Release|Any CPU
		{499ADD90-3C44-48EB-9B51-041E1D6184A6}.Release|x86.ActiveCfg = Release|Any CPU
		{499ADD90-3C44-48EB-9B51-041E1D6184A6}.Release|x86.Build.0 = Release|Any CPU
		{4418421B-4910-4E41-8547-A189074E5E26}.Debug|Any CPU.ActiveCfg = Debug|Any CPU
		{4418421B-4910-4E41-8547-A189074E5E26}.Debug|Any CPU.Build.0 = Debug|Any CPU
		{4418421B-4910-4E41-8547-A189074E5E26}.Debug|x64.ActiveCfg = Debug|Any CPU
		{4418421B-4910-4E41-8547-A189074E5E26}.Debug|x64.Build.0 = Debug|Any CPU
		{4418421B-4910-4E41-8547-A189074E5E26}.Debug|x86.ActiveCfg = Debug|Any CPU
		{4418421B-4910-4E41-8547-A189074E5E26}.Debug|x86.Build.0 = Debug|Any CPU
		{4418421B-4910-4E41-8547-A189074E5E26}.Release|Any CPU.ActiveCfg = Release|Any CPU
		{4418421B-4910-4E41-8547-A189074E5E26}.Release|Any CPU.Build.0 = Release|Any CPU
		{4418421B-4910-4E41-8547-A189074E5E26}.Release|x64.ActiveCfg = Release|Any CPU
		{4418421B-4910-4E41-8547-A189074E5E26}.Release|x64.Build.0 = Release|Any CPU
		{4418421B-4910-4E41-8547-A189074E5E26}.Release|x86.ActiveCfg = Release|Any CPU
		{4418421B-4910-4E41-8547-A189074E5E26}.Release|x86.Build.0 = Release|Any CPU
		{8242CC81-E4B4-4752-A7BD-BEF0D90965B0}.Debug|Any CPU.ActiveCfg = Debug|Any CPU
		{8242CC81-E4B4-4752-A7BD-BEF0D90965B0}.Debug|Any CPU.Build.0 = Debug|Any CPU
		{8242CC81-E4B4-4752-A7BD-BEF0D90965B0}.Debug|x64.ActiveCfg = Debug|Any CPU
		{8242CC81-E4B4-4752-A7BD-BEF0D90965B0}.Debug|x64.Build.0 = Debug|Any CPU
		{8242CC81-E4B4-4752-A7BD-BEF0D90965B0}.Debug|x86.ActiveCfg = Debug|Any CPU
		{8242CC81-E4B4-4752-A7BD-BEF0D90965B0}.Debug|x86.Build.0 = Debug|Any CPU
		{8242CC81-E4B4-4752-A7BD-BEF0D90965B0}.Release|Any CPU.ActiveCfg = Release|Any CPU
		{8242CC81-E4B4-4752-A7BD-BEF0D90965B0}.Release|Any CPU.Build.0 = Release|Any CPU
		{8242CC81-E4B4-4752-A7BD-BEF0D90965B0}.Release|x64.ActiveCfg = Release|Any CPU
		{8242CC81-E4B4-4752-A7BD-BEF0D90965B0}.Release|x64.Build.0 = Release|Any CPU
		{8242CC81-E4B4-4752-A7BD-BEF0D90965B0}.Release|x86.ActiveCfg = Release|Any CPU
		{8242CC81-E4B4-4752-A7BD-BEF0D90965B0}.Release|x86.Build.0 = Release|Any CPU
	EndGlobalSection
	GlobalSection(NestedProjects) = preSolution
		{862A52AF-166F-4CF8-A23B-900EC95F55B3} = {CE99F74D-2627-4BCF-A601-FF6DA3FA1FF1}
		{527A2CF5-0028-4F6B-A7A6-04CCAB170389} = {CE99F74D-2627-4BCF-A601-FF6DA3FA1FF1}
		{0E023C61-2244-416F-9E68-1603C9491277} = {CE99F74D-2627-4BCF-A601-FF6DA3FA1FF1}
		{12DCE90A-B30E-4C95-AB96-4BB3B70A8AAC} = {CE99F74D-2627-4BCF-A601-FF6DA3FA1FF1}
		{793A2CB5-A940-474D-A28A-6CB620B15DA7} = {CE99F74D-2627-4BCF-A601-FF6DA3FA1FF1}
		{499ADD90-3C44-48EB-9B51-041E1D6184A6} = {3C70E34B-133E-4B19-ABC0-7B4AA84B79D7}
		{4418421B-4910-4E41-8547-A189074E5E26} = {3C70E34B-133E-4B19-ABC0-7B4AA84B79D7}
		{8242CC81-E4B4-4752-A7BD-BEF0D90965B0} = {3C70E34B-133E-4B19-ABC0-7B4AA84B79D7}
	EndGlobalSection
EndGlobal
